
Microsoft Visual Studio Solution File, Format Version 12.00
# Visual Studio 2015
Project("{FAE04EC0-301F-11D3-BF4B-00C04F79EFBC}") = "ENGHACK.CSharp", "ENGHACK.CSharp.csproj", "{76DCD74D-2376-0585-0D46-AA2A1774B8F5}"
EndProject
Project("{FAE04EC0-301F-11D3-BF4B-00C04F79EFBC}") = "ENGHACK.CSharp.Editor", "ENGHACK.CSharp.Editor.csproj", "{054D2350-E4A7-F59B-C02A-55BCFC64907F}"
EndProject
Global
	GlobalSection(SolutionConfigurationPlatforms) = preSolution
		Debug|Any CPU = Debug|Any CPU
		Release|Any CPU = Release|Any CPU
	EndGlobalSection
	GlobalSection(ProjectConfigurationPlatforms) = postSolution
		{76DCD74D-2376-0585-0D46-AA2A1774B8F5}.Debug|Any CPU.ActiveCfg = Debug|Any CPU
		{76DCD74D-2376-0585-0D46-AA2A1774B8F5}.Debug|Any CPU.Build.0 = Debug|Any CPU
		{76DCD74D-2376-0585-0D46-AA2A1774B8F5}.Release|Any CPU.ActiveCfg = Release|Any CPU
		{76DCD74D-2376-0585-0D46-AA2A1774B8F5}.Release|Any CPU.Build.0 = Release|Any CPU
		{054D2350-E4A7-F59B-C02A-55BCFC64907F}.Debug|Any CPU.ActiveCfg = Debug|Any CPU
		{054D2350-E4A7-F59B-C02A-55BCFC64907F}.Debug|Any CPU.Build.0 = Debug|Any CPU
		{054D2350-E4A7-F59B-C02A-55BCFC64907F}.Release|Any CPU.ActiveCfg = Release|Any CPU
		{054D2350-E4A7-F59B-C02A-55BCFC64907F}.Release|Any CPU.Build.0 = Release|Any CPU
	EndGlobalSection
	GlobalSection(SolutionProperties) = preSolution
		HideSolutionNode = FALSE
	EndGlobalSection
EndGlobal
